hash: de8f5ccd4b5a448a8a9afab2d55f471d1ee97636d7ac84a710401e929c7a85b2
updated: 2016-08-02T16:17:46.269519904-07:00
imports:
- name: github.com/beorn7/perks
  version: 696fba2acf977d2f2b306a343a6afaab737613c9
  subpackages:
  - quantile
- name: github.com/cenk/backoff
  version: ""
- name: github.com/compose/canoe
  version: 8bbd12624b4a258f551fa4d645824ae6e9db7a2f
- name: github.com/coreos/etcd
  version: ""
  subpackages:
  - etcdserver/stats
  - pkg/types
  - raft
  - raft/raftpb
  - rafthttp
  - snap
  - wal
  - wal/walpb
  - pkg/httputil
  - pkg/ioutil
  - pkg/logutil
  - pkg/pbutil
  - pkg/transport
  - version
  - pkg/fileutil
  - snap/snappb
  - pkg/crc
  - pkg/tlsutil
- name: github.com/coreos/go-semver
  version: 696fba2acf977d2f2b306a343a6afaab737613c9
  subpackages:
  - semver
- name: github.com/coreos/go-systemd
  version: 696fba2acf977d2f2b306a343a6afaab737613c9
  subpackages:
  - journal
- name: github.com/coreos/pkg
  version: 696fba2acf977d2f2b306a343a6afaab737613c9
  subpackages:
  - capnslog
- name: github.com/gogo/protobuf
  version: 696fba2acf977d2f2b306a343a6afaab737613c9
  subpackages:
  - proto
- name: github.com/golang/protobuf
  version: 696fba2acf977d2f2b306a343a6afaab737613c9
  subpackages:
  - proto
- name: github.com/gorilla/context
  version: 696fba2acf977d2f2b306a343a6afaab737613c9
- name: github.com/gorilla/mux
  version: ""
- name: github.com/lib/pq
  version: 696fba2acf977d2f2b306a343a6afaab737613c9
  subpackages:
  - oid
- name: github.com/matttproud/golang_protobuf_extensions
  version: 696fba2acf977d2f2b306a343a6afaab737613c9
  subpackages:
  - pbutil
- name: github.com/pkg/errors
  version: 696fba2acf977d2f2b306a343a6afaab737613c9
- name: github.com/prometheus/client_golang
  version: 696fba2acf977d2f2b306a343a6afaab737613c9
  subpackages:
  - prometheus
- name: github.com/prometheus/client_model
  version: 696fba2acf977d2f2b306a343a6afaab737613c9
  subpackages:
  - go
- name: github.com/prometheus/common
  version: 696fba2acf977d2f2b306a343a6afaab737613c9
  subpackages:
  - expfmt
  - internal/bitbucket.org/ww/goautoneg
  - model
- name: github.com/prometheus/procfs
  version: 696fba2acf977d2f2b306a343a6afaab737613c9
- name: github.com/satori/go.uuid
  version: ""
- name: github.com/Sirupsen/logrus
  version: 696fba2acf977d2f2b306a343a6afaab737613c9
- name: github.com/xiang90/probing
  version: 696fba2acf977d2f2b306a343a6afaab737613c9
- name: golang.org/x/net
  version: 696fba2acf977d2f2b306a343a6afaab737613c9
  subpackages:
  - context
- name: golang.org/x/sys
  version: 696fba2acf977d2f2b306a343a6afaab737613c9
  subpackages:
  - unix
- name: gopkg.in/yaml.v2
  version: 696fba2acf977d2f2b306a343a6afaab737613c9
testImports: []
